
Microsoft Visual Studio Solution File, Format Version 10.00
# Visual Studio 2008
Project("{F14B399A-7131-4C87-9E4B-1186C45EF12D}") = "OtherTemp", "OtherTemp.rptproj", "{C66AA740-C2D4-4350-9034-59EE308975F4}"
EndProject
Global
	GlobalSection(SolutionConfigurationPlatforms) = preSolution
		Debug|Default = Debug|Default
		DebugLocal|Default = DebugLocal|Default
		Release|Default = Release|Default
	EndGlobalSection
	GlobalSection(ProjectConfigurationPlatforms) = postSolution
		{C66AA740-C2D4-4350-9034-59EE308975F4}.Debug|Default.ActiveCfg = Debug
		{C66AA740-C2D4-4350-9034-59EE308975F4}.Debug|Default.Build.0 = DebugLocal
		{C66AA740-C2D4-4350-9034-59EE308975F4}.Debug|Default.Deploy.0 = DebugLocal
		{C66AA740-C2D4-4350-9034-59EE308975F4}.DebugLocal|Default.ActiveCfg = DebugLocal
		{C66AA740-C2D4-4350-9034-59EE308975F4}.DebugLocal|Default.Build.0 = DebugLocal
		{C66AA740-C2D4-4350-9034-59EE308975F4}.DebugLocal|Default.Deploy.0 = DebugLocal
		{C66AA740-C2D4-4350-9034-59EE308975F4}.Release|Default.ActiveCfg = Release
		{C66AA740-C2D4-4350-9034-59EE308975F4}.Release|Default.Build.0 = Release
		{C66AA740-C2D4-4350-9034-59EE308975F4}.Release|Default.Deploy.0 = Release
	EndGlobalSection
	GlobalSection(SolutionProperties) = preSolution
		HideSolutionNode = FALSE
	EndGlobalSection
EndGlobal
